
Microsoft Visual Studio Solution File, Format Version 12.00
# Visual Studio Version 17
VisualStudioVersion = 17.5.33414.496
MinimumVisualStudioVersion = 10.0.40219.1
Project("{9A19103F-16F7-4668-BE54-9A1E7A4F7556}") = "pipelines-dotnet-core", "pipelines-dotnet-core.csproj", "{BD7DFAEC-B2D9-4056-9B9F-A6D029E6869A}"
EndProject
Project("{FAE04EC0-301F-11D3-BF4B-00C04F79EFBC}") = "TestProject1", "TestProject1\TestProject1.csproj", "{BCE6BC95-E5A5-4243-9B7F-10CAD9BE3B8A}"
EndProject
Global
	GlobalSection(SolutionConfigurationPlatforms) = preSolution
		Debug|Any CPU = Debug|Any CPU
		Release|Any CPU = Release|Any CPU
	EndGlobalSection
	GlobalSection(ProjectConfigurationPlatforms) = postSolution
		{BD7DFAEC-B2D9-4056-9B9F-A6D029E6869A}.Debug|Any CPU.ActiveCfg = Debug|Any CPU
		{BD7DFAEC-B2D9-4056-9B9F-A6D029E6869A}.Debug|Any CPU.Build.0 = Debug|Any CPU
		{BD7DFAEC-B2D9-4056-9B9F-A6D029E6869A}.Release|Any CPU.ActiveCfg = Release|Any CPU
		{BD7DFAEC-B2D9-4056-9B9F-A6D029E6869A}.Release|Any CPU.Build.0 = Release|Any CPU
		{BCE6BC95-E5A5-4243-9B7F-10CAD9BE3B8A}.Debug|Any CPU.ActiveCfg = Debug|Any CPU
		{BCE6BC95-E5A5-4243-9B7F-10CAD9BE3B8A}.Debug|Any CPU.Build.0 = Debug|Any CPU
		{BCE6BC95-E5A5-4243-9B7F-10CAD9BE3B8A}.Release|Any CPU.ActiveCfg = Release|Any CPU
		{BCE6BC95-E5A5-4243-9B7F-10CAD9BE3B8A}.Release|Any CPU.Build.0 = Release|Any CPU
	EndGlobalSection
	GlobalSection(SolutionProperties) = preSolution
		HideSolutionNode = FALSE
	EndGlobalSection
	GlobalSection(ExtensibilityGlobals) = postSolution
		SolutionGuid = {454EBF5C-DCFF-4135-8FE5-599CEFAB32C4}
	EndGlobalSection
EndGlobal
